<?xml version="1.0" encoding="utf-8"?>
<Project ToolsVersion="4.0" xmlns="http://schemas.microsoft.com/developer/msbuild/2003">
  <ItemGroup>
    <Filter Include="system">
      <UniqueIdentifier>{22dd8095-74f9-46df-81a1-36675a040b1f}</UniqueIdentifier>
    </Filter>
  </ItemGroup>
  <ItemGroup>
    <ClCompile Include="stdafx.cpp" />
    <ClCompile Include="main.cpp" />
    <ClCompile Include="system\system.cpp">
      <Filter>system</Filter>
    </ClCompile>
    <ClCompile Include="Game.cpp" />
    <ClCompile Include="SoundManager.cpp" />
    <ClCompile Include="Player.cpp" />
    <ClCompile Include="GameCamera.cpp" />
    <ClCompile Include="StageNo1.cpp" />
    <ClCompile Include="GameOver.cpp" />
    <ClCompile Include="Enemy1.cpp" />
    <ClCompile Include="StageNo1Level.cpp" />
    <ClCompile Include="Enemy2.cpp" />
    <ClCompile Include="Item.cpp" />
    <ClCompile Include="Boss.cpp" />
    <ClCompile Include="GameScene.cpp" />
  </ItemGroup>
  <ItemGroup>
    <ClInclude Include="stdafx.h" />
    <ClInclude Include="system\system.h">
      <Filter>system</Filter>
    </ClInclude>
    <ClInclude Include="Game.h" />
    <ClInclude Include="SoundManager.h" />
    <ClInclude Include="Player.h" />
    <ClInclude Include="GameCamera.h" />
    <ClInclude Include="StageNo1.h" />
    <ClInclude Include="GameOver.h" />
    <ClInclude Include="Enemy1.h" />
    <ClInclude Include="StageNo1Level.h" />
    <ClInclude Include="Enemy2.h" />
    <ClInclude Include="Item.h" />
    <ClInclude Include="Boss.h" />
    <ClInclude Include="GameScene.h" />
  </ItemGroup>
</Project>